
Microsoft Visual Studio Solution File, Format Version 12.00
# Visual Studio Version 17
VisualStudioVersion = 17.8.34330.188
MinimumVisualStudioVersion = 10.0.40219.1
Project("{FAE04EC0-301F-11D3-BF4B-00C04F79EFBC}") = "WebApplication1", "WebApplication1\WebApplication1.csproj", "{0E70CFA6-6339-4C7F-900C-5B2056DAFE5D}"
EndProject
Global
	GlobalSection(SolutionConfigurationPlatforms) = preSolution
		Debug|Any CPU = Debug|Any CPU
		Release|Any CPU = Release|Any CPU
	EndGlobalSection
	GlobalSection(ProjectConfigurationPlatforms) = postSolution
		{0E70CFA6-6339-4C7F-900C-5B2056DAFE5D}.Debug|Any CPU.ActiveCfg = Debug|Any CPU
		{0E70CFA6-6339-4C7F-900C-5B2056DAFE5D}.Debug|Any CPU.Build.0 = Debug|Any CPU
		{0E70CFA6-6339-4C7F-900C-5B2056DAFE5D}.Release|Any CPU.ActiveCfg = Release|Any CPU
		{0E70CFA6-6339-4C7F-900C-5B2056DAFE5D}.Release|Any CPU.Build.0 = Release|Any CPU
	EndGlobalSection
	GlobalSection(SolutionProperties) = preSolution
		HideSolutionNode = FALSE
	EndGlobalSection
	GlobalSection(ExtensibilityGlobals) = postSolution
		SolutionGuid = {BC3E7E6C-8A38-4A44-A3F6-6259482C37E0}
	EndGlobalSection
EndGlobal
